{
  "version": 4,
  "terraform_version": "1.10.3",
  "serial": 10,
  "lineage": "5d2ea484-310d-6bcf-eb19-d04aff0d0d0d",
  "outputs": {
    "instance_id": {
      "value": "i-050a68b6837b036f9",
      "type": "string"
    },
    "instance_state": {
      "value": "running",
      "type": "string"
    },
    "instance_type": {
      "value": "t3.micro",
      "type": "string"
    },
    "network_summary": {
      "value": {
        "associated_subnet": "subnet-080f8f5c5a9bc9fd0",
        "route_table_id": "rtb-0b569e25050b5e851",
        "route_table_routes": [
          {
            "carrier_gateway_id": "",
            "cidr_block": "0.0.0.0/0",
            "core_network_arn": "",
            "destination_prefix_list_id": "",
            "egress_only_gateway_id": "",
            "gateway_id": "igw-00b532b674f94d714",
            "ipv6_cidr_block": "",
            "local_gateway_id": "",
            "nat_gateway_id": "",
            "network_interface_id": "",
            "transit_gateway_id": "",
            "vpc_endpoint_id": "",
            "vpc_peering_connection_id": ""
          }
        ],
        "route_table_vpc": "vpc-0d89a3109b784d306",
        "security_group_egress": [
          {
            "cidr_blocks": [
              "0.0.0.0/0"
            ],
            "description": "",
            "from_port": 0,
            "ipv6_cidr_blocks": [],
            "prefix_list_ids": [],
            "protocol": "-1",
            "security_groups": [],
            "self": false,
            "to_port": 0
          }
        ],
        "security_group_id": "sg-0b7c0640dab5d4368",
        "security_group_ingress": [
          {
            "cidr_blocks": [
              "0.0.0.0/0"
            ],
            "description": "HTTP",
            "from_port": 80,
            "ipv6_cidr_blocks": [],
            "prefix_list_ids": [],
            "protocol": "tcp",
            "security_groups": [],
            "self": false,
            "to_port": 80
          },
          {
            "cidr_blocks": [
              "0.0.0.0/0"
            ],
            "description": "SSH",
            "from_port": 22,
            "ipv6_cidr_blocks": [],
            "prefix_list_ids": [],
            "protocol": "tcp",
            "security_groups": [],
            "self": false,
            "to_port": 22
          }
        ],
        "security_group_vpc": "vpc-0d89a3109b784d306",
        "vpc_id": "vpc-0d89a3109b784d306"
      },
      "type": [
        "object",
        {
          "associated_subnet": "string",
          "route_table_id": "string",
          "route_table_routes": [
            "set",
            [
              "object",
              {
                "carrier_gateway_id": "string",
                "cidr_block": "string",
                "core_network_arn": "string",
                "destination_prefix_list_id": "string",
                "egress_only_gateway_id": "string",
                "gateway_id": "string",
                "ipv6_cidr_block": "string",
                "local_gateway_id": "string",
                "nat_gateway_id": "string",
                "network_interface_id": "string",
                "transit_gateway_id": "string",
                "vpc_endpoint_id": "string",
                "vpc_peering_connection_id": "string"
              }
            ]
          ],
          "route_table_vpc": "string",
          "security_group_egress": [
            "set",
            [
              "object",
              {
                "cidr_blocks": [
                  "list",
                  "string"
                ],
                "description": "string",
                "from_port": "number",
                "ipv6_cidr_blocks": [
                  "list",
                  "string"
                ],
                "prefix_list_ids": [
                  "list",
                  "string"
                ],
                "protocol": "string",
                "security_groups": [
                  "set",
                  "string"
                ],
                "self": "bool",
                "to_port": "number"
              }
            ]
          ],
          "security_group_id": "string",
          "security_group_ingress": [
            "set",
            [
              "object",
              {
                "cidr_blocks": [
                  "list",
                  "string"
                ],
                "description": "string",
                "from_port": "number",
                "ipv6_cidr_blocks": [
                  "list",
                  "string"
                ],
                "prefix_list_ids": [
                  "list",
                  "string"
                ],
                "protocol": "string",
                "security_groups": [
                  "set",
                  "string"
                ],
                "self": "bool",
                "to_port": "number"
              }
            ]
          ],
          "security_group_vpc": "string",
          "vpc_id": "string"
        }
      ]
    },
    "private_ip": {
      "value": "10.0.1.137",
      "type": "string"
    },
    "public_dns": {
      "value": "",
      "type": "string"
    },
    "public_ip": {
      "value": "13.51.156.237",
      "type": "string"
    },
    "route_table_all_rules": {
      "value": [
        {
          "carrier_gateway_id": "",
          "cidr_block": "0.0.0.0/0",
          "core_network_arn": "",
          "destination_prefix_list_id": "",
          "egress_only_gateway_id": "",
          "gateway_id": "igw-00b532b674f94d714",
          "ipv6_cidr_block": "",
          "local_gateway_id": "",
          "nat_gateway_id": "",
          "network_interface_id": "",
          "transit_gateway_id": "",
          "vpc_endpoint_id": "",
          "vpc_peering_connection_id": ""
        }
      ],
      "type": [
        "set",
        [
          "object",
          {
            "carrier_gateway_id": "string",
            "cidr_block": "string",
            "core_network_arn": "string",
            "destination_prefix_list_id": "string",
            "egress_only_gateway_id": "string",
            "gateway_id": "string",
            "ipv6_cidr_block": "string",
            "local_gateway_id": "string",
            "nat_gateway_id": "string",
            "network_interface_id": "string",
            "transit_gateway_id": "string",
            "vpc_endpoint_id": "string",
            "vpc_peering_connection_id": "string"
          }
        ]
      ]
    },
    "route_table_all_rules_jsonformat": {
      "value": "[{\"carrier_gateway_id\":\"\",\"cidr_block\":\"0.0.0.0/0\",\"core_network_arn\":\"\",\"destination_prefix_list_id\":\"\",\"egress_only_gateway_id\":\"\",\"gateway_id\":\"igw-00b532b674f94d714\",\"ipv6_cidr_block\":\"\",\"local_gateway_id\":\"\",\"nat_gateway_id\":\"\",\"network_interface_id\":\"\",\"transit_gateway_id\":\"\",\"vpc_endpoint_id\":\"\",\"vpc_peering_connection_id\":\"\"}]",
      "type": "string"
    },
    "route_table_subnets": {
      "value": "subnet-080f8f5c5a9bc9fd0",
      "type": "string"
    },
    "route_table_vpc": {
      "value": "vpc-0d89a3109b784d306",
      "type": "string"
    },
    "security_group_egress_rules": {
      "value": [
        {
          "cidr_blocks": [
            "0.0.0.0/0"
          ],
          "description": "",
          "from_port": 0,
          "ipv6_cidr_blocks": [],
          "prefix_list_ids": [],
          "protocol": "-1",
          "security_groups": [],
          "self": false,
          "to_port": 0
        }
      ],
      "type": [
        "set",
        [
          "object",
          {
            "cidr_blocks": [
              "list",
              "string"
            ],
            "description": "string",
            "from_port": "number",
            "ipv6_cidr_blocks": [
              "list",
              "string"
            ],
            "prefix_list_ids": [
              "list",
              "string"
            ],
            "protocol": "string",
            "security_groups": [
              "set",
              "string"
            ],
            "self": "bool",
            "to_port": "number"
          }
        ]
      ]
    },
    "security_group_ingress_rules": {
      "value": [
        {
          "cidr_blocks": [
            "0.0.0.0/0"
          ],
          "description": "HTTP",
          "from_port": 80,
          "ipv6_cidr_blocks": [],
          "prefix_list_ids": [],
          "protocol": "tcp",
          "security_groups": [],
          "self": false,
          "to_port": 80
        },
        {
          "cidr_blocks": [
            "0.0.0.0/0"
          ],
          "description": "SSH",
          "from_port": 22,
          "ipv6_cidr_blocks": [],
          "prefix_list_ids": [],
          "protocol": "tcp",
          "security_groups": [],
          "self": false,
          "to_port": 22
        }
      ],
      "type": [
        "set",
        [
          "object",
          {
            "cidr_blocks": [
              "list",
              "string"
            ],
            "description": "string",
            "from_port": "number",
            "ipv6_cidr_blocks": [
              "list",
              "string"
            ],
            "prefix_list_ids": [
              "list",
              "string"
            ],
            "protocol": "string",
            "security_groups": [
              "set",
              "string"
            ],
            "self": "bool",
            "to_port": "number"
          }
        ]
      ]
    },
    "security_group_vpc": {
      "value": "vpc-0d89a3109b784d306",
      "type": "string"
    }
  },
  "resources": [
    {
      "mode": "managed",
      "type": "aws_instance",
      "name": "web_server",
      "provider": "provider[\"registry.terraform.io/hashicorp/aws\"]",
      "instances": [
        {
          "schema_version": 1,
          "attributes": {
            "ami": "ami-075449515af5df0d1",
            "arn": "arn:aws:ec2:eu-north-1:700769905140:instance/i-050a68b6837b036f9",
            "associate_public_ip_address": true,
            "availability_zone": "eu-north-1a",
            "capacity_reservation_specification": [
              {
                "capacity_reservation_preference": "open",
                "capacity_reservation_target": []
              }
            ],
            "cpu_core_count": 1,
            "cpu_options": [
              {
                "amd_sev_snp": "",
                "core_count": 1,
                "threads_per_core": 2
              }
            ],
            "cpu_threads_per_core": 2,
            "credit_specification": [
              {
                "cpu_credits": "unlimited"
              }
            ],
            "disable_api_stop": false,
            "disable_api_termination": false,
            "ebs_block_device": [],
            "ebs_optimized": false,
            "enable_primary_ipv6": null,
            "enclave_options": [
              {
                "enabled": false
              }
            ],
            "ephemeral_block_device": [],
            "get_password_data": false,
            "hibernation": false,
            "host_id": "",
            "host_resource_group_arn": null,
            "iam_instance_profile": "",
            "id": "i-050a68b6837b036f9",
            "instance_initiated_shutdown_behavior": "stop",
            "instance_lifecycle": "",
            "instance_market_options": [],
            "instance_state": "running",
            "instance_type": "t3.micro",
            "ipv6_address_count": 0,
            "ipv6_addresses": [],
            "key_name": "",
            "launch_template": [],
            "maintenance_options": [
              {
                "auto_recovery": "default"
              }
            ],
            "metadata_options": [
              {
                "http_endpoint": "enabled",
                "http_protocol_ipv6": "disabled",
                "http_put_response_hop_limit": 2,
                "http_tokens": "required",
                "instance_metadata_tags": "disabled"
              }
            ],
            "monitoring": false,
            "network_interface": [],
            "outpost_arn": "",
            "password_data": "",
            "placement_group": "",
            "placement_partition_number": 0,
            "primary_network_interface_id": "eni-0d53c3e993d973648",
            "private_dns": "ip-10-0-1-137.eu-north-1.compute.internal",
            "private_dns_name_options": [
              {
                "enable_resource_name_dns_a_record": false,
                "enable_resource_name_dns_aaaa_record": false,
                "hostname_type": "ip-name"
              }
            ],
            "private_ip": "10.0.1.137",
            "public_dns": "",
            "public_ip": "13.51.156.237",
            "root_block_device": [
              {
                "delete_on_termination": true,
                "device_name": "/dev/sda1",
                "encrypted": false,
                "iops": 3000,
                "kms_key_id": "",
                "tags": {},
                "tags_all": {},
                "throughput": 125,
                "volume_id": "vol-001d97919fbc56cb9",
                "volume_size": 8,
                "volume_type": "gp3"
              }
            ],
            "secondary_private_ips": [],
            "security_groups": [],
            "source_dest_check": true,
            "spot_instance_request_id": "",
            "subnet_id": "subnet-080f8f5c5a9bc9fd0",
            "tags": {
              "Name": "tf-basic-ec2"
            },
            "tags_all": {
              "Name": "tf-basic-ec2"
            },
            "tenancy": "default",
            "timeouts": null,
            "user_data": null,
            "user_data_base64": null,
            "user_data_replace_on_change": false,
            "volume_tags": null,
            "vpc_security_group_ids": [
              "sg-0b7c0640dab5d4368"
            ]
          },
          "sensitive_attributes": [],
          "private": "eyJlMmJmYjczMC1lY2FhLTExZTYtOGY4OC0zNDM2M2JjN2M0YzAiOnsiY3JlYXRlIjo2MDAwMDAwMDAwMDAsImRlbGV0ZSI6MTIwMDAwMDAwMDAwMCwicmVhZCI6OTAwMDAwMDAwMDAwLCJ1cGRhdGUiOjYwMDAwMDAwMDAwMH0sInNjaGVtYV92ZXJzaW9uIjoiMSJ9",
          "dependencies": [
            "aws_security_group.web_sg",
            "aws_subnet.public_subnet",
            "aws_vpc.main"
          ]
        }
      ]
    },
    {
      "mode": "managed",
      "type": "aws_internet_gateway",
      "name": "igw",
      "provider": "provider[\"registry.terraform.io/hashicorp/aws\"]",
      "instances": [
        {
          "schema_version": 0,
          "attributes": {
            "arn": "arn:aws:ec2:eu-north-1:700769905140:internet-gateway/igw-00b532b674f94d714",
            "id": "igw-00b532b674f94d714",
            "owner_id": "700769905140",
            "tags": {
              "Name": "tf-basic-igw"
            },
            "tags_all": {
              "Name": "tf-basic-igw"
            },
            "timeouts": null,
            "vpc_id": "vpc-0d89a3109b784d306"
          },
          "sensitive_attributes": [],
          "private": "eyJlMmJmYjczMC1lY2FhLTExZTYtOGY4OC0zNDM2M2JjN2M0YzAiOnsiY3JlYXRlIjoxMjAwMDAwMDAwMDAwLCJkZWxldGUiOjEyMDAwMDAwMDAwMDAsInVwZGF0ZSI6MTIwMDAwMDAwMDAwMH19",
          "dependencies": [
            "aws_vpc.main"
          ]
        }
      ]
    },
    {
      "mode": "managed",
      "type": "aws_route_table",
      "name": "public_route_table",
      "provider": "provider[\"registry.terraform.io/hashicorp/aws\"]",
      "instances": [
        {
          "schema_version": 0,
          "attributes": {
            "arn": "arn:aws:ec2:eu-north-1:700769905140:route-table/rtb-0b569e25050b5e851",
            "id": "rtb-0b569e25050b5e851",
            "owner_id": "700769905140",
            "propagating_vgws": [],
            "route": [
              {
                "carrier_gateway_id": "",
                "cidr_block": "0.0.0.0/0",
                "core_network_arn": "",
                "destination_prefix_list_id": "",
                "egress_only_gateway_id": "",
                "gateway_id": "igw-00b532b674f94d714",
                "ipv6_cidr_block": "",
                "local_gateway_id": "",
                "nat_gateway_id": "",
                "network_interface_id": "",
                "transit_gateway_id": "",
                "vpc_endpoint_id": "",
                "vpc_peering_connection_id": ""
              }
            ],
            "tags": {
              "Name": "tf-basic-rt"
            },
            "tags_all": {
              "Name": "tf-basic-rt"
            },
            "timeouts": null,
            "vpc_id": "vpc-0d89a3109b784d306"
          },
          "sensitive_attributes": [],
          "private": "eyJlMmJmYjczMC1lY2FhLTExZTYtOGY4OC0zNDM2M2JjN2M0YzAiOnsiY3JlYXRlIjozMDAwMDAwMDAwMDAsImRlbGV0ZSI6MzAwMDAwMDAwMDAwLCJ1cGRhdGUiOjEyMDAwMDAwMDAwMH19",
          "dependencies": [
            "aws_internet_gateway.igw",
            "aws_vpc.main"
          ]
        }
      ]
    },
    {
      "mode": "managed",
      "type": "aws_route_table_association",
      "name": "public_rta",
      "provider": "provider[\"registry.terraform.io/hashicorp/aws\"]",
      "instances": [
        {
          "schema_version": 0,
          "attributes": {
            "gateway_id": "",
            "id": "rtbassoc-0ede1a55cee261f2f",
            "route_table_id": "rtb-0b569e25050b5e851",
            "subnet_id": "subnet-080f8f5c5a9bc9fd0",
            "timeouts": null
          },
          "sensitive_attributes": [],
          "private": "eyJlMmJmYjczMC1lY2FhLTExZTYtOGY4OC0zNDM2M2JjN2M0YzAiOnsiY3JlYXRlIjozMDAwMDAwMDAwMDAsImRlbGV0ZSI6MzAwMDAwMDAwMDAwLCJ1cGRhdGUiOjEyMDAwMDAwMDAwMH19",
          "dependencies": [
            "aws_internet_gateway.igw",
            "aws_route_table.public_route_table",
            "aws_subnet.public_subnet",
            "aws_vpc.main"
          ]
        }
      ]
    },
    {
      "mode": "managed",
      "type": "aws_security_group",
      "name": "web_sg",
      "provider": "provider[\"registry.terraform.io/hashicorp/aws\"]",
      "instances": [
        {
          "schema_version": 1,
          "attributes": {
            "arn": "arn:aws:ec2:eu-north-1:700769905140:security-group/sg-0b7c0640dab5d4368",
            "description": "SG para SSH y HTTP",
            "egress": [
              {
                "cidr_blocks": [
                  "0.0.0.0/0"
                ],
                "description": "",
                "from_port": 0,
                "ipv6_cidr_blocks": [],
                "prefix_list_ids": [],
                "protocol": "-1",
                "security_groups": [],
                "self": false,
                "to_port": 0
              }
            ],
            "id": "sg-0b7c0640dab5d4368",
            "ingress": [
              {
                "cidr_blocks": [
                  "0.0.0.0/0"
                ],
                "description": "HTTP",
                "from_port": 80,
                "ipv6_cidr_blocks": [],
                "prefix_list_ids": [],
                "protocol": "tcp",
                "security_groups": [],
                "self": false,
                "to_port": 80
              },
              {
                "cidr_blocks": [
                  "0.0.0.0/0"
                ],
                "description": "SSH",
                "from_port": 22,
                "ipv6_cidr_blocks": [],
                "prefix_list_ids": [],
                "protocol": "tcp",
                "security_groups": [],
                "self": false,
                "to_port": 22
              }
            ],
            "name": "tf-basic-sg",
            "name_prefix": "",
            "owner_id": "700769905140",
            "revoke_rules_on_delete": false,
            "tags": {},
            "tags_all": {},
            "timeouts": null,
            "vpc_id": "vpc-0d89a3109b784d306"
          },
          "sensitive_attributes": [],
          "private": "eyJlMmJmYjczMC1lY2FhLTExZTYtOGY4OC0zNDM2M2JjN2M0YzAiOnsiY3JlYXRlIjo2MDAwMDAwMDAwMDAsImRlbGV0ZSI6OTAwMDAwMDAwMDAwfSwic2NoZW1hX3ZlcnNpb24iOiIxIn0=",
          "dependencies": [
            "aws_vpc.main"
          ]
        }
      ]
    },
    {
      "mode": "managed",
      "type": "aws_subnet",
      "name": "public_subnet",
      "provider": "provider[\"registry.terraform.io/hashicorp/aws\"]",
      "instances": [
        {
          "schema_version": 1,
          "attributes": {
            "arn": "arn:aws:ec2:eu-north-1:700769905140:subnet/subnet-080f8f5c5a9bc9fd0",
            "assign_ipv6_address_on_creation": false,
            "availability_zone": "eu-north-1a",
            "availability_zone_id": "eun1-az1",
            "cidr_block": "10.0.1.0/24",
            "customer_owned_ipv4_pool": "",
            "enable_dns64": false,
            "enable_lni_at_device_index": 0,
            "enable_resource_name_dns_a_record_on_launch": false,
            "enable_resource_name_dns_aaaa_record_on_launch": false,
            "id": "subnet-080f8f5c5a9bc9fd0",
            "ipv6_cidr_block": "",
            "ipv6_cidr_block_association_id": "",
            "ipv6_native": false,
            "map_customer_owned_ip_on_launch": false,
            "map_public_ip_on_launch": true,
            "outpost_arn": "",
            "owner_id": "700769905140",
            "private_dns_hostname_type_on_launch": "ip-name",
            "tags": {
              "Name": "tf-basic-subnet"
            },
            "tags_all": {
              "Name": "tf-basic-subnet"
            },
            "timeouts": null,
            "vpc_id": "vpc-0d89a3109b784d306"
          },
          "sensitive_attributes": [],
          "private": "eyJlMmJmYjczMC1lY2FhLTExZTYtOGY4OC0zNDM2M2JjN2M0YzAiOnsiY3JlYXRlIjo2MDAwMDAwMDAwMDAsImRlbGV0ZSI6MTIwMDAwMDAwMDAwMH0sInNjaGVtYV92ZXJzaW9uIjoiMSJ9",
          "dependencies": [
            "aws_vpc.main"
          ]
        }
      ]
    },
    {
      "mode": "managed",
      "type": "aws_vpc",
      "name": "main",
      "provider": "provider[\"registry.terraform.io/hashicorp/aws\"]",
      "instances": [
        {
          "schema_version": 1,
          "attributes": {
            "arn": "arn:aws:ec2:eu-north-1:700769905140:vpc/vpc-0d89a3109b784d306",
            "assign_generated_ipv6_cidr_block": false,
            "cidr_block": "10.0.0.0/16",
            "default_network_acl_id": "acl-09633832a3c674891",
            "default_route_table_id": "rtb-06e67f989d201d938",
            "default_security_group_id": "sg-001632303e1de71ea",
            "dhcp_options_id": "dopt-0125c730ec4ca67bb",
            "enable_dns_hostnames": false,
            "enable_dns_support": true,
            "enable_network_address_usage_metrics": false,
            "id": "vpc-0d89a3109b784d306",
            "instance_tenancy": "default",
            "ipv4_ipam_pool_id": null,
            "ipv4_netmask_length": null,
            "ipv6_association_id": "",
            "ipv6_cidr_block": "",
            "ipv6_cidr_block_network_border_group": "",
            "ipv6_ipam_pool_id": "",
            "ipv6_netmask_length": 0,
            "main_route_table_id": "rtb-06e67f989d201d938",
            "owner_id": "700769905140",
            "tags": {
              "Name": "tf-basic-vpc"
            },
            "tags_all": {
              "Name": "tf-basic-vpc"
            }
          },
          "sensitive_attributes": [],
          "private": "eyJzY2hlbWFfdmVyc2lvbiI6IjEifQ=="
        }
      ]
    }
  ],
  "check_results": null
}
